
Microsoft Visual Studio Solution File, Format Version 12.00
# Visual Studio Version 16
VisualStudioVersion = 16.0.29721.120
MinimumVisualStudioVersion = 10.0.40219.1
Project("{F2A71F9B-5D33-465A-A702-920D77279786}") = "FsJsonNavigation", "FsJsonNavigation\FsJsonNavigation.fsproj", "{F6E85A02-7C88-4414-8618-330DE5DD4452}"
EndProject
Project("{F2A71F9B-5D33-465A-A702-920D77279786}") = "FsJsonNavigation.System.Text.Json", "FsJsonNavigation.System.Text.Json\FsJsonNavigation.System.Text.Json.fsproj", "{C7E52B3E-5F6F-4526-A4B9-24E90BD9DBCF}"
EndProject
Project("{F2A71F9B-5D33-465A-A702-920D77279786}") = "FsNavigation.Example.DotNetCore", "FsNavigation.Example.DotNetCore\FsNavigation.Example.DotNetCore.fsproj", "{1BEBE033-3A76-496D-9B1C-49AD64934BF3}"
EndProject
Global
	GlobalSection(SolutionConfigurationPlatforms) = preSolution
		Debug|Any CPU = Debug|Any CPU
		Release|Any CPU = Release|Any CPU
	EndGlobalSection
	GlobalSection(ProjectConfigurationPlatforms) = postSolution
		{F6E85A02-7C88-4414-8618-330DE5DD4452}.Debug|Any CPU.ActiveCfg = Debug|Any CPU
		{F6E85A02-7C88-4414-8618-330DE5DD4452}.Debug|Any CPU.Build.0 = Debug|Any CPU
		{F6E85A02-7C88-4414-8618-330DE5DD4452}.Release|Any CPU.ActiveCfg = Release|Any CPU
		{F6E85A02-7C88-4414-8618-330DE5DD4452}.Release|Any CPU.Build.0 = Release|Any CPU
		{C7E52B3E-5F6F-4526-A4B9-24E90BD9DBCF}.Debug|Any CPU.ActiveCfg = Debug|Any CPU
		{C7E52B3E-5F6F-4526-A4B9-24E90BD9DBCF}.Debug|Any CPU.Build.0 = Debug|Any CPU
		{C7E52B3E-5F6F-4526-A4B9-24E90BD9DBCF}.Release|Any CPU.ActiveCfg = Release|Any CPU
		{C7E52B3E-5F6F-4526-A4B9-24E90BD9DBCF}.Release|Any CPU.Build.0 = Release|Any CPU
		{1BEBE033-3A76-496D-9B1C-49AD64934BF3}.Debug|Any CPU.ActiveCfg = Debug|Any CPU
		{1BEBE033-3A76-496D-9B1C-49AD64934BF3}.Debug|Any CPU.Build.0 = Debug|Any CPU
		{1BEBE033-3A76-496D-9B1C-49AD64934BF3}.Release|Any CPU.ActiveCfg = Release|Any CPU
		{1BEBE033-3A76-496D-9B1C-49AD64934BF3}.Release|Any CPU.Build.0 = Release|Any CPU
	EndGlobalSection
	GlobalSection(SolutionProperties) = preSolution
		HideSolutionNode = FALSE
	EndGlobalSection
	GlobalSection(ExtensibilityGlobals) = postSolution
		SolutionGuid = {AFC8CFBE-00C0-40E1-9700-18A0F1EA1CBC}
	EndGlobalSection
EndGlobal
